
Microsoft Visual Studio Solution File, Format Version 11.00
# Visual Studio 2010
Project("{FAE04EC0-301F-11D3-BF4B-00C04F79EFBC}") = "Assembly-CSharp-firstpass", "Assembly-CSharp-firstpass.csproj", "{0240398d-c1cc-7a0e-fe40-1452fa9d9808}"
EndProject
Project("{FAE04EC0-301F-11D3-BF4B-00C04F79EFBC}") = "Assembly-CSharp", "Assembly-CSharp.csproj", "{464d3c65-f44e-68d1-e6d6-6199e72f48ee}"
EndProject
Project("{FAE04EC0-301F-11D3-BF4B-00C04F79EFBC}") = "Assembly-CSharp-Editor-firstpass", "Assembly-CSharp-Editor-firstpass.csproj", "{3f1718a5-002f-9778-4c52-d95881fea104}"
EndProject
Global
	GlobalSection(SolutionConfigurationPlatforms) = preSolution
		Debug|Any CPU = Debug|Any CPU
	EndGlobalSection
	GlobalSection(ProjectConfigurationPlatforms) = postSolution
		{0240398d-c1cc-7a0e-fe40-1452fa9d9808}.Debug|Any CPU.ActiveCfg = Debug|Any CPU
		{0240398d-c1cc-7a0e-fe40-1452fa9d9808}.Debug|Any CPU.Build.0 = Debug|Any CPU
		{464d3c65-f44e-68d1-e6d6-6199e72f48ee}.Debug|Any CPU.ActiveCfg = Debug|Any CPU
		{464d3c65-f44e-68d1-e6d6-6199e72f48ee}.Debug|Any CPU.Build.0 = Debug|Any CPU
		{3f1718a5-002f-9778-4c52-d95881fea104}.Debug|Any CPU.ActiveCfg = Debug|Any CPU
		{3f1718a5-002f-9778-4c52-d95881fea104}.Debug|Any CPU.Build.0 = Debug|Any CPU
	EndGlobalSection
	GlobalSection(SolutionProperties) = preSolution
		HideSolutionNode = FALSE
	EndGlobalSection
EndGlobal
